
Microsoft Visual Studio Solution File, Format Version 12.00
# Visual Studio Version 17
VisualStudioVersion = 17.6.33829.357
MinimumVisualStudioVersion = 10.0.40219.1
Project("{F184B08F-C81C-45F6-A57F-5ABD9991F28F}") = "LogSearch", "LogSearch\LogSearch.vbproj", "{6AF97C21-42F6-4DE8-88BC-04FF528FA186}"
EndProject
Global
	GlobalSection(SolutionConfigurationPlatforms) = preSolution
		Debug|Any CPU = Debug|Any CPU
		Release|Any CPU = Release|Any CPU
	EndGlobalSection
	GlobalSection(ProjectConfigurationPlatforms) = postSolution
		{6AF97C21-42F6-4DE8-88BC-04FF528FA186}.Debug|Any CPU.ActiveCfg = Debug|Any CPU
		{6AF97C21-42F6-4DE8-88BC-04FF528FA186}.Debug|Any CPU.Build.0 = Debug|Any CPU
		{6AF97C21-42F6-4DE8-88BC-04FF528FA186}.Release|Any CPU.ActiveCfg = Release|Any CPU
		{6AF97C21-42F6-4DE8-88BC-04FF528FA186}.Release|Any CPU.Build.0 = Release|Any CPU
	EndGlobalSection
	GlobalSection(SolutionProperties) = preSolution
		HideSolutionNode = FALSE
	EndGlobalSection
	GlobalSection(ExtensibilityGlobals) = postSolution
		SolutionGuid = {673AC982-3C6F-43A2-B0FE-350500E85858}
	EndGlobalSection
EndGlobal
